
Microsoft Visual Studio Solution File, Format Version 12.00
# Visual Studio 15
VisualStudioVersion = 15.0.28307.102
MinimumVisualStudioVersion = 10.0.40219.1
Project("{FAE04EC0-301F-11D3-BF4B-00C04F79EFBC}") = "BuilderWithMandatoryCalls", "BuilderWithMandatoryCalls\BuilderWithMandatoryCalls.csproj", "{92070592-EA1F-4438-A7D1-71DAB4BD32BE}"
EndProject
Project("{FAE04EC0-301F-11D3-BF4B-00C04F79EFBC}") = "Shared", "Shared\Shared.csproj", "{02B3D052-E4CE-4964-AF8D-BC1E8A0C238D}"
EndProject
Project("{FAE04EC0-301F-11D3-BF4B-00C04F79EFBC}") = "AsyncBuilderWithParallelTasks", "AsyncBuilderWithParallelTasks\AsyncBuilderWithParallelTasks.csproj", "{E3571472-3F0B-4DEF-95C8-708930D27592}"
EndProject
Project("{FAE04EC0-301F-11D3-BF4B-00C04F79EFBC}") = "Blog.Code.Examples", "Blog.Code.Examples\Blog.Code.Examples.csproj", "{A915565D-C3F9-4672-B8A2-6CDDCBF3B803}"
EndProject
Project("{FAE04EC0-301F-11D3-BF4B-00C04F79EFBC}") = "AsyncBuilderWithOrderedFuncOfTasks", "AsyncBuilderWithOrderedFuncOfTasks\AsyncBuilderWithOrderedFuncOfTasks.csproj", "{68893AF6-E419-4FE0-B20E-6F0C9F728CF3}"
EndProject
Project("{FAE04EC0-301F-11D3-BF4B-00C04F79EFBC}") = "AsyncBuilderWithCancellableTasks", "AsyncBuilderWithCancellableTasks\AsyncBuilderWithCancellableTasks.csproj", "{077B84E6-347B-47E7-A3BC-B3017FE0ED2D}"
EndProject
Global
	GlobalSection(SolutionConfigurationPlatforms) = preSolution
		Debug|Any CPU = Debug|Any CPU
		Release|Any CPU = Release|Any CPU
	EndGlobalSection
	GlobalSection(ProjectConfigurationPlatforms) = postSolution
		{92070592-EA1F-4438-A7D1-71DAB4BD32BE}.Debug|Any CPU.ActiveCfg = Debug|Any CPU
		{92070592-EA1F-4438-A7D1-71DAB4BD32BE}.Debug|Any CPU.Build.0 = Debug|Any CPU
		{92070592-EA1F-4438-A7D1-71DAB4BD32BE}.Release|Any CPU.ActiveCfg = Release|Any CPU
		{92070592-EA1F-4438-A7D1-71DAB4BD32BE}.Release|Any CPU.Build.0 = Release|Any CPU
		{02B3D052-E4CE-4964-AF8D-BC1E8A0C238D}.Debug|Any CPU.ActiveCfg = Debug|Any CPU
		{02B3D052-E4CE-4964-AF8D-BC1E8A0C238D}.Debug|Any CPU.Build.0 = Debug|Any CPU
		{02B3D052-E4CE-4964-AF8D-BC1E8A0C238D}.Release|Any CPU.ActiveCfg = Release|Any CPU
		{02B3D052-E4CE-4964-AF8D-BC1E8A0C238D}.Release|Any CPU.Build.0 = Release|Any CPU
		{E3571472-3F0B-4DEF-95C8-708930D27592}.Debug|Any CPU.ActiveCfg = Debug|Any CPU
		{E3571472-3F0B-4DEF-95C8-708930D27592}.Debug|Any CPU.Build.0 = Debug|Any CPU
		{E3571472-3F0B-4DEF-95C8-708930D27592}.Release|Any CPU.ActiveCfg = Release|Any CPU
		{E3571472-3F0B-4DEF-95C8-708930D27592}.Release|Any CPU.Build.0 = Release|Any CPU
		{A915565D-C3F9-4672-B8A2-6CDDCBF3B803}.Debug|Any CPU.ActiveCfg = Debug|Any CPU
		{A915565D-C3F9-4672-B8A2-6CDDCBF3B803}.Debug|Any CPU.Build.0 = Debug|Any CPU
		{A915565D-C3F9-4672-B8A2-6CDDCBF3B803}.Release|Any CPU.ActiveCfg = Release|Any CPU
		{A915565D-C3F9-4672-B8A2-6CDDCBF3B803}.Release|Any CPU.Build.0 = Release|Any CPU
		{68893AF6-E419-4FE0-B20E-6F0C9F728CF3}.Debug|Any CPU.ActiveCfg = Debug|Any CPU
		{68893AF6-E419-4FE0-B20E-6F0C9F728CF3}.Debug|Any CPU.Build.0 = Debug|Any CPU
		{68893AF6-E419-4FE0-B20E-6F0C9F728CF3}.Release|Any CPU.ActiveCfg = Release|Any CPU
		{68893AF6-E419-4FE0-B20E-6F0C9F728CF3}.Release|Any CPU.Build.0 = Release|Any CPU
		{077B84E6-347B-47E7-A3BC-B3017FE0ED2D}.Debug|Any CPU.ActiveCfg = Debug|Any CPU
		{077B84E6-347B-47E7-A3BC-B3017FE0ED2D}.Debug|Any CPU.Build.0 = Debug|Any CPU
		{077B84E6-347B-47E7-A3BC-B3017FE0ED2D}.Release|Any CPU.ActiveCfg = Release|Any CPU
		{077B84E6-347B-47E7-A3BC-B3017FE0ED2D}.Release|Any CPU.Build.0 = Release|Any CPU
	EndGlobalSection
	GlobalSection(SolutionProperties) = preSolution
		HideSolutionNode = FALSE
	EndGlobalSection
	GlobalSection(ExtensibilityGlobals) = postSolution
		SolutionGuid = {689B52B4-BC16-44D2-8881-ACBA749E8042}
	EndGlobalSection
EndGlobal
